
Microsoft Visual Studio Solution File, Format Version 12.00
# Visual Studio 15
VisualStudioVersion = 15.0.27428.2015
MinimumVisualStudioVersion = 10.0.40219.1
Project("{FAE04EC0-301F-11D3-BF4B-00C04F79EFBC}") = "ProyHuellitas_ADO", "ProyHuellitas_ADO\ProyHuellitas_ADO.csproj", "{40E3F511-07D5-41E6-B042-E2A27E6BF356}"
EndProject
Project("{FAE04EC0-301F-11D3-BF4B-00C04F79EFBC}") = "ProyHuellitas_BE", "ProyHuellitas_BE\ProyHuellitas_BE.csproj", "{A3B7CD88-F897-45C3-BACF-E07CF8B22483}"
EndProject
Project("{FAE04EC0-301F-11D3-BF4B-00C04F79EFBC}") = "ProyHuellitas_BL", "ProyHuellitas_BL\ProyHuellitas_BL.csproj", "{84214881-DE6B-42AB-B98C-CBDEF9521A53}"
EndProject
Project("{FAE04EC0-301F-11D3-BF4B-00C04F79EFBC}") = "ProyHuellitas_GUI", "ProyHuellitas_GUI\ProyHuellitas_GUI.csproj", "{92DB0ABC-2BB2-4FC1-91A6-39C804EAA66E}"
EndProject
Global
	GlobalSection(SolutionConfigurationPlatforms) = preSolution
		Debug|Any CPU = Debug|Any CPU
		Release|Any CPU = Release|Any CPU
	EndGlobalSection
	GlobalSection(ProjectConfigurationPlatforms) = postSolution
		{40E3F511-07D5-41E6-B042-E2A27E6BF356}.Debug|Any CPU.ActiveCfg = Debug|Any CPU
		{40E3F511-07D5-41E6-B042-E2A27E6BF356}.Debug|Any CPU.Build.0 = Debug|Any CPU
		{40E3F511-07D5-41E6-B042-E2A27E6BF356}.Release|Any CPU.ActiveCfg = Release|Any CPU
		{40E3F511-07D5-41E6-B042-E2A27E6BF356}.Release|Any CPU.Build.0 = Release|Any CPU
		{A3B7CD88-F897-45C3-BACF-E07CF8B22483}.Debug|Any CPU.ActiveCfg = Debug|Any CPU
		{A3B7CD88-F897-45C3-BACF-E07CF8B22483}.Debug|Any CPU.Build.0 = Debug|Any CPU
		{A3B7CD88-F897-45C3-BACF-E07CF8B22483}.Release|Any CPU.ActiveCfg = Release|Any CPU
		{A3B7CD88-F897-45C3-BACF-E07CF8B22483}.Release|Any CPU.Build.0 = Release|Any CPU
		{84214881-DE6B-42AB-B98C-CBDEF9521A53}.Debug|Any CPU.ActiveCfg = Debug|Any CPU
		{84214881-DE6B-42AB-B98C-CBDEF9521A53}.Debug|Any CPU.Build.0 = Debug|Any CPU
		{84214881-DE6B-42AB-B98C-CBDEF9521A53}.Release|Any CPU.ActiveCfg = Release|Any CPU
		{84214881-DE6B-42AB-B98C-CBDEF9521A53}.Release|Any CPU.Build.0 = Release|Any CPU
		{92DB0ABC-2BB2-4FC1-91A6-39C804EAA66E}.Debug|Any CPU.ActiveCfg = Debug|Any CPU
		{92DB0ABC-2BB2-4FC1-91A6-39C804EAA66E}.Debug|Any CPU.Build.0 = Debug|Any CPU
		{92DB0ABC-2BB2-4FC1-91A6-39C804EAA66E}.Release|Any CPU.ActiveCfg = Release|Any CPU
		{92DB0ABC-2BB2-4FC1-91A6-39C804EAA66E}.Release|Any CPU.Build.0 = Release|Any CPU
	EndGlobalSection
	GlobalSection(SolutionProperties) = preSolution
		HideSolutionNode = FALSE
	EndGlobalSection
	GlobalSection(ExtensibilityGlobals) = postSolution
		SolutionGuid = {2ABEE643-9910-4F08-9585-6F8B5032D134}
	EndGlobalSection
EndGlobal
